
Microsoft Visual Studio Solution File, Format Version 12.00
# Visual Studio Version 16
VisualStudioVersion = 16.0.31005.135
MinimumVisualStudioVersion = 10.0.40219.1
Project("{FAE04EC0-301F-11D3-BF4B-00C04F79EFBC}") = "SimSift.DAL", "SimSift.DAL\SimSift.DAL.csproj", "{B2E09594-3005-47A8-8F36-F89DFD2DB03F}"
EndProject
Project("{FAE04EC0-301F-11D3-BF4B-00C04F79EFBC}") = "SimSoft.BML", "SimSoft.BML\SimSoft.BML.csproj", "{EBC5FDF6-2E6D-44FF-9087-DF9B1F7504B2}"
EndProject
Project("{FAE04EC0-301F-11D3-BF4B-00C04F79EFBC}") = "SimiSoft", "SimiSoftV\SimiSoft.csproj", "{5DFC822A-62C5-4777-84DF-524ABF9ABB84}"
EndProject
Global
	GlobalSection(SolutionConfigurationPlatforms) = preSolution
		Debug|Any CPU = Debug|Any CPU
		Release|Any CPU = Release|Any CPU
	EndGlobalSection
	GlobalSection(ProjectConfigurationPlatforms) = postSolution
		{B2E09594-3005-47A8-8F36-F89DFD2DB03F}.Debug|Any CPU.ActiveCfg = Debug|Any CPU
		{B2E09594-3005-47A8-8F36-F89DFD2DB03F}.Debug|Any CPU.Build.0 = Debug|Any CPU
		{B2E09594-3005-47A8-8F36-F89DFD2DB03F}.Release|Any CPU.ActiveCfg = Release|Any CPU
		{B2E09594-3005-47A8-8F36-F89DFD2DB03F}.Release|Any CPU.Build.0 = Release|Any CPU
		{EBC5FDF6-2E6D-44FF-9087-DF9B1F7504B2}.Debug|Any CPU.ActiveCfg = Debug|Any CPU
		{EBC5FDF6-2E6D-44FF-9087-DF9B1F7504B2}.Debug|Any CPU.Build.0 = Debug|Any CPU
		{EBC5FDF6-2E6D-44FF-9087-DF9B1F7504B2}.Release|Any CPU.ActiveCfg = Release|Any CPU
		{EBC5FDF6-2E6D-44FF-9087-DF9B1F7504B2}.Release|Any CPU.Build.0 = Release|Any CPU
		{5DFC822A-62C5-4777-84DF-524ABF9ABB84}.Debug|Any CPU.ActiveCfg = Debug|Any CPU
		{5DFC822A-62C5-4777-84DF-524ABF9ABB84}.Debug|Any CPU.Build.0 = Debug|Any CPU
		{5DFC822A-62C5-4777-84DF-524ABF9ABB84}.Release|Any CPU.ActiveCfg = Release|Any CPU
		{5DFC822A-62C5-4777-84DF-524ABF9ABB84}.Release|Any CPU.Build.0 = Release|Any CPU
	EndGlobalSection
	GlobalSection(SolutionProperties) = preSolution
		HideSolutionNode = FALSE
	EndGlobalSection
	GlobalSection(ExtensibilityGlobals) = postSolution
		SolutionGuid = {0B934E65-79C9-4893-ABD0-787FFA420926}
	EndGlobalSection
EndGlobal
